// !$*UTF8*$!
{
	archiveVersion = 1;
	classes = {
	};
	objectVersion = 56;
	objects = {

/* Begin PBXBuildFile section */
		ED09F8CA2A838CD8002C4737 /* AppDelegate.swift in Sources */ = {isa = PBXBuildFile; fileRef = ED09F8C92A838CD8002C4737 /* AppDelegate.swift */; };
		ED09F8CC2A838CD8002C4737 /* SceneDelegate.swift in Sources */ = {isa = PBXBuildFile; fileRef = ED09F8CB2A838CD8002C4737 /* SceneDelegate.swift */; };
		ED09F8CE2A838CD8002C4737 /* ViewController.swift in Sources */ = {isa = PBXBuildFile; fileRef = ED09F8CD2A838CD8002C4737 /* ViewController.swift */; };
		ED09F8D32A838CD8002C4737 /* Assets.xcassets in Resources */ = {isa = PBXBuildFile; fileRef = ED09F8D22A838CD8002C4737 /* Assets.xcassets */; };
		ED09F8D62A838CD8002C4737 /* LaunchScreen.storyboard in Resources */ = {isa = PBXBuildFile; fileRef = ED09F8D42A838CD8002C4737 /* LaunchScreen.storyboard */; };
		ED09F8E62A83980D002C4737 /* CollectionViewTableCell.swift in Sources */ = {isa = PBXBuildFile; fileRef = ED09F8E52A83980D002C4737 /* CollectionViewTableCell.swift */; };
		ED09F8E82A839C31002C4737 /* MainHeaderView.swift in Sources */ = {isa = PBXBuildFile; fileRef = ED09F8E72A839C31002C4737 /* MainHeaderView.swift */; };
		ED09F8EA2A83A15F002C4737 /* PlayersModel.swift in Sources */ = {isa = PBXBuildFile; fileRef = ED09F8E92A83A15F002C4737 /* PlayersModel.swift */; };
		ED09F8EC2A83A2B4002C4737 /* ViewModel.swift in Sources */ = {isa = PBXBuildFile; fileRef = ED09F8EB2A83A2B4002C4737 /* ViewModel.swift */; };
		ED09F8EE2A83A69C002C4737 /* players.json in Resources */ = {isa = PBXBuildFile; fileRef = ED09F8ED2A83A69C002C4737 /* players.json */; };
		ED09F8F02A83A944002C4737 /* CollectionViewPlayerCell.swift in Sources */ = {isa = PBXBuildFile; fileRef = ED09F8EF2A83A944002C4737 /* CollectionViewPlayerCell.swift */; };
		ED09F8F22A84E9D1002C4737 /* PlayerDetailViewController.swift in Sources */ = {isa = PBXBuildFile; fileRef = ED09F8F12A84E9D1002C4737 /* PlayerDetailViewController.swift */; };
/* End PBXBuildFile section */

/* Begin PBXFileReference section */
		ED09F8C62A838CD8002C4737 /* LinguaLeoPlayer.app */ = {isa = PBXFileReference; explicitFileType = wrapper.application; includeInIndex = 0; path = LinguaLeoPlayer.app; sourceTree = BUILT_PRODUCTS_DIR; };
		ED09F8C92A838CD8002C4737 /* AppDelegate.swift */ = {isa = PBXFileReference; lastKnownFileType = sourcecode.swift; path = AppDelegate.swift; sourceTree = "<group>"; };
		ED09F8CB2A838CD8002C4737 /* SceneDelegate.swift */ = {isa = PBXFileReference; lastKnownFileType = sourcecode.swift; path = SceneDelegate.swift; sourceTree = "<group>"; };
		ED09F8CD2A838CD8002C4737 /* ViewController.swift */ = {isa = PBXFileReference; lastKnownFileType = sourcecode.swift; path = ViewController.swift; sourceTree = "<group>"; };
		ED09F8D22A838CD8002C4737 /* Assets.xcassets */ = {isa = PBXFileReference; lastKnownFileType = folder.assetcatalog; path = Assets.xcassets; sourceTree = "<group>"; };
		ED09F8D52A838CD8002C4737 /* Base */ = {isa = PBXFileReference; lastKnownFileType = file.storyboard; name = Base; path = Base.lproj/LaunchScreen.storyboard; sourceTree = "<group>"; };
		ED09F8D72A838CD8002C4737 /* Info.plist */ = {isa = PBXFileReference; lastKnownFileType = text.plist.xml; path = Info.plist; sourceTree = "<group>"; };
		ED09F8E52A83980D002C4737 /* CollectionViewTableCell.swift */ = {isa = PBXFileReference; lastKnownFileType = sourcecode.swift; path = CollectionViewTableCell.swift; sourceTree = "<group>"; };
		ED09F8E72A839C31002C4737 /* MainHeaderView.swift */ = {isa = PBXFileReference; lastKnownFileType = sourcecode.swift; path = MainHeaderView.swift; sourceTree = "<group>"; };
		ED09F8E92A83A15F002C4737 /* PlayersModel.swift */ = {isa = PBXFileReference; lastKnownFileType = sourcecode.swift; path = PlayersModel.swift; sourceTree = "<group>"; };
		ED09F8EB2A83A2B4002C4737 /* ViewModel.swift */ = {isa = PBXFileReference; lastKnownFileType = sourcecode.swift; path = ViewModel.swift; sourceTree = "<group>"; };
		ED09F8ED2A83A69C002C4737 /* players.json */ = {isa = PBXFileReference; fileEncoding = 4; lastKnownFileType = text.json; path = players.json; sourceTree = "<group>"; };
		ED09F8EF2A83A944002C4737 /* CollectionViewPlayerCell.swift */ = {isa = PBXFileReference; lastKnownFileType = sourcecode.swift; path = CollectionViewPlayerCell.swift; sourceTree = "<group>"; };
		ED09F8F12A84E9D1002C4737 /* PlayerDetailViewController.swift */ = {isa = PBXFileReference; lastKnownFileType = sourcecode.swift; path = PlayerDetailViewController.swift; sourceTree = "<group>"; };
/* End PBXFileReference section */

/* Begin PBXFrameworksBuildPhase section */
		ED09F8C32A838CD8002C4737 /* Frameworks */ = {
			isa = PBXFrameworksBuildPhase;
			buildActionMask = 2147483647;
			files = (
			);
			runOnlyForDeploymentPostprocessing = 0;
		};
/* End PBXFrameworksBuildPhase section */

/* Begin PBXGroup section */
		ED09F8BD2A838CD8002C4737 = {
			isa = PBXGroup;
			children = (
				ED09F8C82A838CD8002C4737 /* LinguaLeoPlayer */,
				ED09F8C72A838CD8002C4737 /* Products */,
			);
			sourceTree = "<group>";
		};
		ED09F8C72A838CD8002C4737 /* Products */ = {
			isa = PBXGroup;
			children = (
				ED09F8C62A838CD8002C4737 /* LinguaLeoPlayer.app */,
			);
			name = Products;
			sourceTree = "<group>";
		};
		ED09F8C82A838CD8002C4737 /* LinguaLeoPlayer */ = {
			isa = PBXGroup;
			children = (
				ED09F8F92A86150B002C4737 /* Json */,
				ED09F8DD2A83921C002C4737 /* App */,
				ED09F8DF2A839329002C4737 /* Model */,
				ED09F8DE2A83927F002C4737 /* Resources */,
				ED09F8E02A839330002C4737 /* ViewModel */,
				ED09F8E12A839338002C4737 /* Views */,
			);
			path = LinguaLeoPlayer;
			sourceTree = "<group>";
		};
		ED09F8DD2A83921C002C4737 /* App */ = {
			isa = PBXGroup;
			children = (
				ED09F8C92A838CD8002C4737 /* AppDelegate.swift */,
				ED09F8CB2A838CD8002C4737 /* SceneDelegate.swift */,
			);
			path = App;
			sourceTree = "<group>";
		};
		ED09F8DE2A83927F002C4737 /* Resources */ = {
			isa = PBXGroup;
			children = (
				ED09F8D72A838CD8002C4737 /* Info.plist */,
				ED09F8D42A838CD8002C4737 /* LaunchScreen.storyboard */,
				ED09F8D22A838CD8002C4737 /* Assets.xcassets */,
			);
			path = Resources;
			sourceTree = "<group>";
		};
		ED09F8DF2A839329002C4737 /* Model */ = {
			isa = PBXGroup;
			children = (
				ED09F8E92A83A15F002C4737 /* PlayersModel.swift */,
			);
			path = Model;
			sourceTree = "<group>";
		};
		ED09F8E02A839330002C4737 /* ViewModel */ = {
			isa = PBXGroup;
			children = (
				ED09F8EB2A83A2B4002C4737 /* ViewModel.swift */,
			);
			path = ViewModel;
			sourceTree = "<group>";
		};
		ED09F8E12A839338002C4737 /* Views */ = {
			isa = PBXGroup;
			children = (
				ED09F8F52A84FE39002C4737 /* Controllers */,
				ED09F8F42A84FE2C002C4737 /* Header */,
				ED09F8F32A84FE24002C4737 /* Cells */,
			);
			path = Views;
			sourceTree = "<group>";
		};
		ED09F8F32A84FE24002C4737 /* Cells */ = {
			isa = PBXGroup;
			children = (
				ED09F8EF2A83A944002C4737 /* CollectionViewPlayerCell.swift */,
				ED09F8E52A83980D002C4737 /* CollectionViewTableCell.swift */,
			);
			path = Cells;
			sourceTree = "<group>";
		};
		ED09F8F42A84FE2C002C4737 /* Header */ = {
			isa = PBXGroup;
			children = (
				ED09F8E72A839C31002C4737 /* MainHeaderView.swift */,
			);
			path = Header;
			sourceTree = "<group>";
		};
		ED09F8F52A84FE39002C4737 /* Controllers */ = {
			isa = PBXGroup;
			children = (
				ED09F8CD2A838CD8002C4737 /* ViewController.swift */,
				ED09F8F12A84E9D1002C4737 /* PlayerDetailViewController.swift */,
			);
			path = Controllers;
			sourceTree = "<group>";
		};
		ED09F8F92A86150B002C4737 /* Json */ = {
			isa = PBXGroup;
			children = (
				ED09F8ED2A83A69C002C4737 /* players.json */,
			);
			path = Json;
			sourceTree = "<group>";
		};
/* End PBXGroup section */

/* Begin PBXNativeTarget section */
		ED09F8C52A838CD8002C4737 /* LinguaLeoPlayer */ = {
			isa = PBXNativeTarget;
			buildConfigurationList = ED09F8DA2A838CD8002C4737 /* Build configuration list for PBXNativeTarget "LinguaLeoPlayer" */;
			buildPhases = (
				ED09F8C22A838CD8002C4737 /* Sources */,
				ED09F8C32A838CD8002C4737 /* Frameworks */,
				ED09F8C42A838CD8002C4737 /* Resources */,
			);
			buildRules = (
			);
			dependencies = (
			);
			name = LinguaLeoPlayer;
			productName = LinguaLeoPlayer;
			productReference = ED09F8C62A838CD8002C4737 /* LinguaLeoPlayer.app */;
			productType = "com.apple.product-type.application";
		};
/* End PBXNativeTarget section */

/* Begin PBXProject section */
		ED09F8BE2A838CD8002C4737 /* Project object */ = {
			isa = PBXProject;
			attributes = {
				BuildIndependentTargetsInParallel = 1;
				LastSwiftUpdateCheck = 1420;
				LastUpgradeCheck = 1420;
				TargetAttributes = {
					ED09F8C52A838CD8002C4737 = {
						CreatedOnToolsVersion = 14.2;
					};
				};
			};
			buildConfigurationList = ED09F8C12A838CD8002C4737 /* Build configuration list for PBXProject "LinguaLeoPlayer" */;
			compatibilityVersion = "Xcode 14.0";
			developmentRegion = en;
			hasScannedForEncodings = 0;
			knownRegions = (
				en,
				Base,
			);
			mainGroup = ED09F8BD2A838CD8002C4737;
			productRefGroup = ED09F8C72A838CD8002C4737 /* Products */;
			projectDirPath = "";
			projectRoot = "";
			targets = (
				ED09F8C52A838CD8002C4737 /* LinguaLeoPlayer */,
			);
		};
/* End PBXProject section */

/* Begin PBXResourcesBuildPhase section */
		ED09F8C42A838CD8002C4737 /* Resources */ = {
			isa = PBXResourcesBuildPhase;
			buildActionMask = 2147483647;
			files = (
				ED09F8D62A838CD8002C4737 /* LaunchScreen.storyboard in Resources */,
				ED09F8D32A838CD8002C4737 /* Assets.xcassets in Resources */,
				ED09F8EE2A83A69C002C4737 /* players.json in Resources */,
			);
			runOnlyForDeploymentPostprocessing = 0;
		};
/* End PBXResourcesBuildPhase section */

/* Begin PBXSourcesBuildPhase section */
		ED09F8C22A838CD8002C4737 /* Sources */ = {
			isa = PBXSourcesBuildPhase;
			buildActionMask = 2147483647;
			files = (
				ED09F8EA2A83A15F002C4737 /* PlayersModel.swift in Sources */,
				ED09F8E82A839C31002C4737 /* MainHeaderView.swift in Sources */,
				ED09F8CE2A838CD8002C4737 /* ViewController.swift in Sources */,
				ED09F8CA2A838CD8002C4737 /* AppDelegate.swift in Sources */,
				ED09F8E62A83980D002C4737 /* CollectionViewTableCell.swift in Sources */,
				ED09F8F22A84E9D1002C4737 /* PlayerDetailViewController.swift in Sources */,
				ED09F8F02A83A944002C4737 /* CollectionViewPlayerCell.swift in Sources */,
				ED09F8CC2A838CD8002C4737 /* SceneDelegate.swift in Sources */,
				ED09F8EC2A83A2B4002C4737 /* ViewModel.swift in Sources */,
			);
			runOnlyForDeploymentPostprocessing = 0;
		};
/* End PBXSourcesBuildPhase section */

/* Begin PBXVariantGroup section */
		ED09F8D42A838CD8002C4737 /* LaunchScreen.storyboard */ = {
			isa = PBXVariantGroup;
			children = (
				ED09F8D52A838CD8002C4737 /* Base */,
			);
			name = LaunchScreen.storyboard;
			sourceTree = "<group>";
		};
/* End PBXVariantGroup section */

/* Begin XCBuildConfiguration section */
		ED09F8D82A838CD8002C4737 /* Debug */ = {
			isa = XCBuildConfiguration;
			buildSettings = {
				ALWAYS_SEARCH_USER_PATHS = NO;
				CLANG_ANALYZER_NONNULL = YES;
				CLANG_ANALYZER_NUMBER_OBJECT_CONVERSION = YES_AGGRESSIVE;
				CLANG_CXX_LANGUAGE_STANDARD = "gnu++20";
				CLANG_ENABLE_MODULES = YES;
				CLANG_ENABLE_OBJC_ARC = YES;
				CLANG_ENABLE_OBJC_WEAK = YES;
				CLANG_WARN_BLOCK_CAPTURE_AUTORELEASING = YES;
				CLANG_WARN_BOOL_CONVERSION = YES;
				CLANG_WARN_COMMA = YES;
				CLANG_WARN_CONSTANT_CONVERSION = YES;
				CLANG_WARN_DEPRECATED_OBJC_IMPLEMENTATIONS = YES;
				CLANG_WARN_DIRECT_OBJC_ISA_USAGE = YES_ERROR;
				CLANG_WARN_DOCUMENTATION_COMMENTS = YES;
				CLANG_WARN_EMPTY_BODY = YES;
				CLANG_WARN_ENUM_CONVERSION = YES;
				CLANG_WARN_INFINITE_RECURSION = YES;
				CLANG_WARN_INT_CONVERSION = YES;
				CLANG_WARN_NON_LITERAL_NULL_CONVERSION = YES;
				CLANG_WARN_OBJC_IMPLICIT_RETAIN_SELF = YES;
				CLANG_WARN_OBJC_LITERAL_CONVERSION = YES;
				CLANG_WARN_OBJC_ROOT_CLASS = YES_ERROR;
				CLANG_WARN_QUOTED_INCLUDE_IN_FRAMEWORK_HEADER = YES;
				CLANG_WARN_RANGE_LOOP_ANALYSIS = YES;
				CLANG_WARN_STRICT_PROTOTYPES = YES;
				CLANG_WARN_SUSPICIOUS_MOVE = YES;
				CLANG_WARN_UNGUARDED_AVAILABILITY = YES_AGGRESSIVE;
				CLANG_WARN_UNREACHABLE_CODE = YES;
				CLANG_WARN__DUPLICATE_METHOD_MATCH = YES;
				COPY_PHASE_STRIP = NO;
				DEBUG_INFORMATION_FORMAT = dwarf;
				ENABLE_STRICT_OBJC_MSGSEND = YES;
				ENABLE_TESTABILITY = YES;
				GCC_C_LANGUAGE_STANDARD = gnu11;
				GCC_DYNAMIC_NO_PIC = NO;
				GCC_NO_COMMON_BLOCKS = YES;
				GCC_OPTIMIZATION_LEVEL = 0;
				GCC_PREPROCESSOR_DEFINITIONS = (
					"DEBUG=1",
					"$(inherited)",
				);
				GCC_WARN_64_TO_32_BIT_CONVERSION = YES;
				GCC_WARN_ABOUT_RETURN_TYPE = YES_ERROR;
				GCC_WARN_UNDECLARED_SELECTOR = YES;
				GCC_WARN_UNINITIALIZED_AUTOS = YES_AGGRESSIVE;
				GCC_WARN_UNUSED_FUNCTION = YES;
				GCC_WARN_UNUSED_VARIABLE = YES;
				IPHONEOS_DEPLOYMENT_TARGET = 16.2;
				MTL_ENABLE_DEBUG_INFO = INCLUDE_SOURCE;
				MTL_FAST_MATH = YES;
				ONLY_ACTIVE_ARCH = YES;
				SDKROOT = iphoneos;
				SWIFT_ACTIVE_COMPILATION_CONDITIONS = DEBUG;
				SWIFT_OPTIMIZATION_LEVEL = "-Onone";
			};
			name = Debug;
		};
		ED09F8D92A838CD8002C4737 /* Release */ = {
			isa = XCBuildConfiguration;
			buildSettings = {
				ALWAYS_SEARCH_USER_PATHS = NO;
				CLANG_ANALYZER_NONNULL = YES;
				CLANG_ANALYZER_NUMBER_OBJECT_CONVERSION = YES_AGGRESSIVE;
				CLANG_CXX_LANGUAGE_STANDARD = "gnu++20";
				CLANG_ENABLE_MODULES = YES;
				CLANG_ENABLE_OBJC_ARC = YES;
				CLANG_ENABLE_OBJC_WEAK = YES;
				CLANG_WARN_BLOCK_CAPTURE_AUTORELEASING = YES;
				CLANG_WARN_BOOL_CONVERSION = YES;
				CLANG_WARN_COMMA = YES;
				CLANG_WARN_CONSTANT_CONVERSION = YES;
				CLANG_WARN_DEPRECATED_OBJC_IMPLEMENTATIONS = YES;
				CLANG_WARN_DIRECT_OBJC_ISA_USAGE = YES_ERROR;
				CLANG_WARN_DOCUMENTATION_COMMENTS = YES;
				CLANG_WARN_EMPTY_BODY = YES;
				CLANG_WARN_ENUM_CONVERSION = YES;
				CLANG_WARN_INFINITE_RECURSION = YES;
				CLANG_WARN_INT_CONVERSION = YES;
				CLANG_WARN_NON_LITERAL_NULL_CONVERSION = YES;
				CLANG_WARN_OBJC_IMPLICIT_RETAIN_SELF = YES;
				CLANG_WARN_OBJC_LITERAL_CONVERSION = YES;
				CLANG_WARN_OBJC_ROOT_CLASS = YES_ERROR;
				CLANG_WARN_QUOTED_INCLUDE_IN_FRAMEWORK_HEADER = YES;
				CLANG_WARN_RANGE_LOOP_ANALYSIS = YES;
				CLANG_WARN_STRICT_PROTOTYPES = YES;
				CLANG_WARN_SUSPICIOUS_MOVE = YES;
				CLANG_WARN_UNGUARDED_AVAILABILITY = YES_AGGRESSIVE;
				CLANG_WARN_UNREACHABLE_CODE = YES;
				CLANG_WARN__DUPLICATE_METHOD_MATCH = YES;
				COPY_PHASE_STRIP = NO;
				DEBUG_INFORMATION_FORMAT = "dwarf-with-dsym";
				ENABLE_NS_ASSERTIONS = NO;
				ENABLE_STRICT_OBJC_MSGSEND = YES;
				GCC_C_LANGUAGE_STANDARD = gnu11;
				GCC_NO_COMMON_BLOCKS = YES;
				GCC_WARN_64_TO_32_BIT_CONVERSION = YES;
				GCC_WARN_ABOUT_RETURN_TYPE = YES_ERROR;
				GCC_WARN_UNDECLARED_SELECTOR = YES;
				GCC_WARN_UNINITIALIZED_AUTOS = YES_AGGRESSIVE;
				GCC_WARN_UNUSED_FUNCTION = YES;
				GCC_WARN_UNUSED_VARIABLE = YES;
				IPHONEOS_DEPLOYMENT_TARGET = 16.2;
				MTL_ENABLE_DEBUG_INFO = NO;
				MTL_FAST_MATH = YES;
				SDKROOT = iphoneos;
				SWIFT_COMPILATION_MODE = wholemodule;
				SWIFT_OPTIMIZATION_LEVEL = "-O";
				VALIDATE_PRODUCT = YES;
			};
			name = Release;
		};
		ED09F8DB2A838CD8002C4737 /* Debug */ = {
			isa = XCBuildConfiguration;
			buildSettings = {
				ASSETCATALOG_COMPILER_APPICON_NAME = AppIcon;
				ASSETCATALOG_COMPILER_GLOBAL_ACCENT_COLOR_NAME = AccentColor;
				CODE_SIGN_STYLE = Automatic;
				CURRENT_PROJECT_VERSION = 1;
				DEVELOPMENT_TEAM = TYV66VL2S3;
				GENERATE_INFOPLIST_FILE = YES;
				INFOPLIST_FILE = LinguaLeoPlayer/Resources/Info.plist;
				INFOPLIST_KEY_UIApplicationSupportsIndirectInputEvents = YES;
				INFOPLIST_KEY_UILaunchStoryboardName = LaunchScreen;
				INFOPLIST_KEY_UIMainStoryboardFile = "";
				INFOPLIST_KEY_UISupportedInterfaceOrientations = UIInterfaceOrientationPortrait;
				INFOPLIST_KEY_UISupportedInterfaceOrientations_iPad = "UIInterfaceOrientationLandscapeLeft UIInterfaceOrientationLandscapeRight UIInterfaceOrientationPortrait UIInterfaceOrientationPortraitUpsideDown";
				LD_RUNPATH_SEARCH_PATHS = (
					"$(inherited)",
					"@executable_path/Frameworks",
				);
				MARKETING_VERSION = 1.0;
				PRODUCT_BUNDLE_IDENTIFIER = WilgelmApps.LinguaLeoPlayer;
				PRODUCT_NAME = "$(TARGET_NAME)";
				SUPPORTED_PLATFORMS = "iphoneos iphonesimulator";
				SUPPORTS_MACCATALYST = NO;
				SUPPORTS_MAC_DESIGNED_FOR_IPHONE_IPAD = NO;
				SWIFT_EMIT_LOC_STRINGS = YES;
				SWIFT_VERSION = 5.0;
				TARGETED_DEVICE_FAMILY = 1;
			};
			name = Debug;
		};
		ED09F8DC2A838CD8002C4737 /* Release */ = {
			isa = XCBuildConfiguration;
			buildSettings = {
				ASSETCATALOG_COMPILER_APPICON_NAME = AppIcon;
				ASSETCATALOG_COMPILER_GLOBAL_ACCENT_COLOR_NAME = AccentColor;
				CODE_SIGN_STYLE = Automatic;
				CURRENT_PROJECT_VERSION = 1;
				DEVELOPMENT_TEAM = TYV66VL2S3;
				GENERATE_INFOPLIST_FILE = YES;
				INFOPLIST_FILE = LinguaLeoPlayer/Resources/Info.plist;
				INFOPLIST_KEY_UIApplicationSupportsIndirectInputEvents = YES;
				INFOPLIST_KEY_UILaunchStoryboardName = LaunchScreen;
				INFOPLIST_KEY_UIMainStoryboardFile = "";
				INFOPLIST_KEY_UISupportedInterfaceOrientations = UIInterfaceOrientationPortrait;
				INFOPLIST_KEY_UISupportedInterfaceOrientations_iPad = "UIInterfaceOrientationLandscapeLeft UIInterfaceOrientationLandscapeRight UIInterfaceOrientationPortrait UIInterfaceOrientationPortraitUpsideDown";
				LD_RUNPATH_SEARCH_PATHS = (
					"$(inherited)",
					"@executable_path/Frameworks",
				);
				MARKETING_VERSION = 1.0;
				PRODUCT_BUNDLE_IDENTIFIER = WilgelmApps.LinguaLeoPlayer;
				PRODUCT_NAME = "$(TARGET_NAME)";
				SUPPORTED_PLATFORMS = "iphoneos iphonesimulator";
				SUPPORTS_MACCATALYST = NO;
				SUPPORTS_MAC_DESIGNED_FOR_IPHONE_IPAD = NO;
				SWIFT_EMIT_LOC_STRINGS = YES;
				SWIFT_VERSION = 5.0;
				TARGETED_DEVICE_FAMILY = 1;
			};
			name = Release;
		};
/* End XCBuildConfiguration section */

/* Begin XCConfigurationList section */
		ED09F8C12A838CD8002C4737 /* Build configuration list for PBXProject "LinguaLeoPlayer" */ = {
			isa = XCConfigurationList;
			buildConfigurations = (
				ED09F8D82A838CD8002C4737 /* Debug */,
				ED09F8D92A838CD8002C4737 /* Release */,
			);
			defaultConfigurationIsVisible = 0;
			defaultConfigurationName = Release;
		};
		ED09F8DA2A838CD8002C4737 /* Build configuration list for PBXNativeTarget "LinguaLeoPlayer" */ = {
			isa = XCConfigurationList;
			buildConfigurations = (
				ED09F8DB2A838CD8002C4737 /* Debug */,
				ED09F8DC2A838CD8002C4737 /* Release */,
			);
			defaultConfigurationIsVisible = 0;
			defaultConfigurationName = Release;
		};
/* End XCConfigurationList section */
	};
	rootObject = ED09F8BE2A838CD8002C4737 /* Project object */;
}
